<?xml version="1.0" encoding="utf-8"?>
<Project ToolsVersion="4.0" xmlns="http://schemas.microsoft.com/developer/msbuild/2003">
  <ItemGroup>
    <Filter Include="Source Files">
      <UniqueIdentifier>{4FC737F1-C7A5-4376-A066-2A32D752A2FF}</UniqueIdentifier>
      <Extensions>cpp;c;cc;cxx;def;odl;idl;hpj;bat;asm;asmx</Extensions>
    </Filter>
    <Filter Include="Header Files">
      <UniqueIdentifier>{93995380-89BD-4b04-88EB-625FBE52EBFB}</UniqueIdentifier>
      <Extensions>h;hh;hpp;hxx;hm;inl;inc;xsd</Extensions>
    </Filter>
    <Filter Include="Resource Files">
      <UniqueIdentifier>{67DA6AB6-F800-4c08-8B7A-83BB121AAD01}</UniqueIdentifier>
      <Extensions>rc;ico;cur;bmp;dlg;rc2;rct;bin;rgs;gif;jpg;jpeg;jpe;resx;tiff;tif;png;wav;mfcribbon-ms</Extensions>
    </Filter>
    <Filter Include="imgui">
      <UniqueIdentifier>{65d0b7e9-cef8-46f0-9c85-ff48effd688b}</UniqueIdentifier>
    </Filter>
    <Filter Include="Header Files\Commands">
      <UniqueIdentifier>{247ef718-660c-4529-8984-39642c0b81ef}</UniqueIdentifier>
    </Filter>
    <Filter Include="Header Files\UI Elements">
      <UniqueIdentifier>{3725622c-c0ec-44d3-8967-46aafedff067}</UniqueIdentifier>
    </Filter>
    <Filter Include="Header Files\Input">
      <UniqueIdentifier>{91fca7be-1afe-4e23-a97b-0f4f566ea316}</UniqueIdentifier>
    </Filter>
    <Filter Include="Header Files\Data Transfer">
      <UniqueIdentifier>{4a83bc10-ab0c-4aac-a060-ff6631275706}</UniqueIdentifier>
    </Filter>
    <Filter Include="Header Files\Observers">
      <UniqueIdentifier>{ffbc2ed6-173d-4138-9b61-5aad04124e27}</UniqueIdentifier>
    </Filter>
    <Filter Include="Header Files\States">
      <UniqueIdentifier>{34e0dd01-275b-4896-a539-83b6240efb2b}</UniqueIdentifier>
    </Filter>
    <Filter Include="Header Files\Services">
      <UniqueIdentifier>{008de170-4400-4ec9-a0f2-3aa03dd6e3a4}</UniqueIdentifier>
    </Filter>
    <Filter Include="Header Files\Services\Audio">
      <UniqueIdentifier>{9b54d7f6-0991-43ad-8f0b-a689b1333ee8}</UniqueIdentifier>
    </Filter>
    <Filter Include="Header Files\Game Object">
      <UniqueIdentifier>{f5452121-cdf7-477e-b304-b8aeda2b09ae}</UniqueIdentifier>
    </Filter>
    <Filter Include="Header Files\Utilities">
      <UniqueIdentifier>{bdc846c6-f2f2-479a-b877-f8d661e7b013}</UniqueIdentifier>
    </Filter>
    <Filter Include="Header Files\Singletons">
      <UniqueIdentifier>{279b8efb-1989-4fca-ba9e-ec1233f12530}</UniqueIdentifier>
    </Filter>
    <Filter Include="Header Files\Scene">
      <UniqueIdentifier>{7c2e2d8f-60e4-4a65-b0b8-f71ff7d82ef6}</UniqueIdentifier>
    </Filter>
    <Filter Include="Header Files\Engine Files">
      <UniqueIdentifier>{6a440472-befb-4457-a962-94fc2eef914b}</UniqueIdentifier>
    </Filter>
    <Filter Include="Header Files\Simple SDL2 audio">
      <UniqueIdentifier>{04f516f6-e8e0-4f5e-b166-81b4f5a25014}</UniqueIdentifier>
    </Filter>
    <Filter Include="Header Files\RapidJSON">
      <UniqueIdentifier>{f08abcf6-11a8-4ce8-853a-34cef891664e}</UniqueIdentifier>
    </Filter>
    <Filter Include="Source Files\Data Transfer">
      <UniqueIdentifier>{6d9061e2-dc1f-4846-b891-c8b189229472}</UniqueIdentifier>
    </Filter>
    <Filter Include="Source Files\Input">
      <UniqueIdentifier>{18c289e4-fd9b-4372-9e8f-2ad1280e0800}</UniqueIdentifier>
    </Filter>
    <Filter Include="Source Files\Game Object">
      <UniqueIdentifier>{632e4620-58fa-4518-8a9f-bc50515b1db3}</UniqueIdentifier>
    </Filter>
    <Filter Include="Source Files\Engine Files">
      <UniqueIdentifier>{dcf3deb6-b497-4846-a7e7-8fc059e5b7c1}</UniqueIdentifier>
    </Filter>
    <Filter Include="Source Files\Simple SDL2 audio">
      <UniqueIdentifier>{e8849792-2f52-4d6a-8975-e08aaeb283e1}</UniqueIdentifier>
    </Filter>
    <Filter Include="Source Files\Scene">
      <UniqueIdentifier>{910d8aa2-39aa-4e14-9585-d9ae10440ce8}</UniqueIdentifier>
    </Filter>
    <Filter Include="Source Files\Singletons">
      <UniqueIdentifier>{f35a5226-ed33-47f9-8f43-53aa44545304}</UniqueIdentifier>
    </Filter>
    <Filter Include="Source Files\Utilities">
      <UniqueIdentifier>{fe874e39-2407-4af4-8274-0a1861f83519}</UniqueIdentifier>
    </Filter>
    <Filter Include="Source Files\Services">
      <UniqueIdentifier>{d5863c38-713d-49e5-9267-6cb267d1a710}</UniqueIdentifier>
    </Filter>
    <Filter Include="Source Files\Services\Audio">
      <UniqueIdentifier>{b4bf4bb9-f9b4-4cad-89a6-93cb361986e0}</UniqueIdentifier>
    </Filter>
    <Filter Include="Source Files\Observers">
      <UniqueIdentifier>{d656e154-ab1a-4475-be65-7a380634a17e}</UniqueIdentifier>
    </Filter>
    <Filter Include="Source Files\States">
      <UniqueIdentifier>{2e4a1294-6e0a-4c9b-bcfe-a4e2f92e5b9b}</UniqueIdentifier>
    </Filter>
    <Filter Include="Source Files\UI Elements">
      <UniqueIdentifier>{6a974c24-2d96-4140-8cc1-f6fed3d88fd8}</UniqueIdentifier>
    </Filter>
    <Filter Include="Source Files\Components">
      <UniqueIdentifier>{1613e496-ebe1-4b53-8653-079f0b7b6f24}</UniqueIdentifier>
    </Filter>
    <Filter Include="Source Files\Components\Calculation">
      <UniqueIdentifier>{17276729-3e17-4c94-9636-08b74a99ae81}</UniqueIdentifier>
    </Filter>
    <Filter Include="Source Files\Components\Gameplay">
      <UniqueIdentifier>{24b45531-4f66-4d27-aefe-2a19aad214e8}</UniqueIdentifier>
    </Filter>
    <Filter Include="Source Files\Components\Graphics">
      <UniqueIdentifier>{bd4a4b07-b618-4262-96ca-8d33ca9a26e6}</UniqueIdentifier>
    </Filter>
    <Filter Include="Source Files\Components\Input">
      <UniqueIdentifier>{453f252d-b6ea-4a8a-8ddc-229c1b19c50f}</UniqueIdentifier>
    </Filter>
    <Filter Include="Source Files\Components\Movement">
      <UniqueIdentifier>{f518ca4c-650f-45bf-af15-0de3228373da}</UniqueIdentifier>
    </Filter>
    <Filter Include="Source Files\Components\UI">
      <UniqueIdentifier>{d5658a01-39da-4e64-9b71-bf6191a799b6}</UniqueIdentifier>
    </Filter>
    <Filter Include="Header Files\Components">
      <UniqueIdentifier>{3c5a8254-12b3-4122-a0bc-f4e250a495b5}</UniqueIdentifier>
    </Filter>
    <Filter Include="Header Files\Components\Calculation">
      <UniqueIdentifier>{538aec58-3391-4927-a7ea-89a3d23ede73}</UniqueIdentifier>
    </Filter>
    <Filter Include="Header Files\Components\Graphics">
      <UniqueIdentifier>{8a62d22e-9715-425b-8d33-95c34435907d}</UniqueIdentifier>
    </Filter>
    <Filter Include="Header Files\Components\UI">
      <UniqueIdentifier>{c19aa0f6-7f10-47d8-a395-ac86ec073dac}</UniqueIdentifier>
    </Filter>
    <Filter Include="Header Files\Components\Movement">
      <UniqueIdentifier>{06821ba2-dffd-4165-b2df-550a361a0111}</UniqueIdentifier>
    </Filter>
    <Filter Include="Header Files\Components\Input">
      <UniqueIdentifier>{518eaa23-4f65-4d64-8b5c-ad1ae3d70b84}</UniqueIdentifier>
    </Filter>
    <Filter Include="Header Files\Components\Gameplay">
      <UniqueIdentifier>{21f6fe3c-6ad7-4fc1-92e7-a4a20ce9f8f6}</UniqueIdentifier>
    </Filter>
  </ItemGroup>
  <ItemGroup>
    <ClInclude Include="..\3rdParty\imgui-1.81\imconfig.h">
      <Filter>imgui</Filter>
    </ClInclude>
    <ClInclude Include="..\3rdParty\imgui-1.81\imgui.h">
      <Filter>imgui</Filter>
    </ClInclude>
    <ClInclude Include="..\3rdParty\imgui-1.81\imgui_internal.h">
      <Filter>imgui</Filter>
    </ClInclude>
    <ClInclude Include="..\3rdParty\imgui-1.81\imstb_rectpack.h">
      <Filter>imgui</Filter>
    </ClInclude>
    <ClInclude Include="..\3rdParty\imgui-1.81\imstb_textedit.h">
      <Filter>imgui</Filter>
    </ClInclude>
    <ClInclude Include="..\3rdParty\imgui-1.81\imstb_truetype.h">
      <Filter>imgui</Filter>
    </ClInclude>
    <ClInclude Include="..\3rdParty\imgui-1.81\backends\imgui_impl_opengl2.h">
      <Filter>imgui</Filter>
    </ClInclude>
    <ClInclude Include="..\3rdParty\imgui-1.81\backends\imgui_impl_sdl.h">
      <Filter>imgui</Filter>
    </ClInclude>
    <ClInclude Include="BaseData.h">
      <Filter>Header Files\Data Transfer</Filter>
    </ClInclude>
    <ClInclude Include="DataManager.h">
      <Filter>Header Files\Data Transfer</Filter>
    </ClInclude>
    <ClInclude Include="Data.h">
      <Filter>Header Files\Data Transfer</Filter>
    </ClInclude>
    <ClInclude Include="Command.h">
      <Filter>Header Files\Commands</Filter>
    </ClInclude>
    <ClInclude Include="UIButton.h">
      <Filter>Header Files\UI Elements</Filter>
    </ClInclude>
    <ClInclude Include="UIElement.h">
      <Filter>Header Files\UI Elements</Filter>
    </ClInclude>
    <ClInclude Include="Controller.h">
      <Filter>Header Files\Input</Filter>
    </ClInclude>
    <ClInclude Include="InputManager.h">
      <Filter>Header Files\Input</Filter>
    </ClInclude>
    <ClInclude Include="Observer.h">
      <Filter>Header Files\Observers</Filter>
    </ClInclude>
    <ClInclude Include="UIText.h">
      <Filter>Header Files\UI Elements</Filter>
    </ClInclude>
    <ClInclude Include="EnemyState.h">
      <Filter>Header Files\States</Filter>
    </ClInclude>
    <ClInclude Include="rapidjson\msinttypes\inttypes.h">
      <Filter>Header Files</Filter>
    </ClInclude>
    <ClInclude Include="rapidjson\msinttypes\stdint.h">
      <Filter>Header Files</Filter>
    </ClInclude>
    <ClInclude Include="AudioService.h">
      <Filter>Header Files\Services\Audio</Filter>
    </ClInclude>
    <ClInclude Include="LoggingAudioService.h">
      <Filter>Header Files\Services\Audio</Filter>
    </ClInclude>
    <ClInclude Include="NullAudioService.h">
      <Filter>Header Files\Services\Audio</Filter>
    </ClInclude>
    <ClInclude Include="SimpleSDL2AudioService.h">
      <Filter>Header Files\Services\Audio</Filter>
    </ClInclude>
    <ClInclude Include="ServiceLocator.h">
      <Filter>Header Files\Services</Filter>
    </ClInclude>
    <ClInclude Include="GameObject.h">
      <Filter>Header Files\Game Object</Filter>
    </ClInclude>
    <ClInclude Include="Vector2f.h">
      <Filter>Header Files\Utilities</Filter>
    </ClInclude>
    <ClInclude Include="Transform.h">
      <Filter>Header Files\Utilities</Filter>
    </ClInclude>
    <ClInclude Include="Timer.h">
      <Filter>Header Files\Utilities</Filter>
    </ClInclude>
    <ClInclude Include="ThreadRAII.h">
      <Filter>Header Files\Utilities</Filter>
    </ClInclude>
    <ClInclude Include="Texture2D.h">
      <Filter>Header Files\Utilities</Filter>
    </ClInclude>
    <ClInclude Include="utils.h">
      <Filter>Header Files\Utilities</Filter>
    </ClInclude>
    <ClInclude Include="ResourceManager.h">
      <Filter>Header Files\Singletons</Filter>
    </ClInclude>
    <ClInclude Include="SceneManager.h">
      <Filter>Header Files\Singletons</Filter>
    </ClInclude>
    <ClInclude Include="Renderer.h">
      <Filter>Header Files\Singletons</Filter>
    </ClInclude>
    <ClInclude Include="Singleton.h">
      <Filter>Header Files\Singletons</Filter>
    </ClInclude>
    <ClInclude Include="Scene.h">
      <Filter>Header Files\Scene</Filter>
    </ClInclude>
    <ClInclude Include="Font.h">
      <Filter>Header Files\Utilities</Filter>
    </ClInclude>
    <ClInclude Include="Minigin.h">
      <Filter>Header Files\Engine Files</Filter>
    </ClInclude>
    <ClInclude Include="MiniginLibType.h">
      <Filter>Header Files\Engine Files</Filter>
    </ClInclude>
    <ClInclude Include="MiniginPCH.h">
      <Filter>Header Files\Engine Files</Filter>
    </ClInclude>
    <ClInclude Include="audio.h">
      <Filter>Header Files\Simple SDL2 audio</Filter>
    </ClInclude>
    <ClInclude Include="rapidjson\allocators.h">
      <Filter>Header Files\RapidJSON</Filter>
    </ClInclude>
    <ClInclude Include="rapidjson\internal\biginteger.h">
      <Filter>Header Files\RapidJSON</Filter>
    </ClInclude>
    <ClInclude Include="rapidjson\internal\clzll.h">
      <Filter>Header Files\RapidJSON</Filter>
    </ClInclude>
    <ClInclude Include="rapidjson\cursorstreamwrapper.h">
      <Filter>Header Files\RapidJSON</Filter>
    </ClInclude>
    <ClInclude Include="rapidjson\internal\diyfp.h">
      <Filter>Header Files\RapidJSON</Filter>
    </ClInclude>
    <ClInclude Include="rapidjson\document.h">
      <Filter>Header Files\RapidJSON</Filter>
    </ClInclude>
    <ClInclude Include="rapidjson\internal\dtoa.h">
      <Filter>Header Files\RapidJSON</Filter>
    </ClInclude>
    <ClInclude Include="rapidjson\error\en.h">
      <Filter>Header Files\RapidJSON</Filter>
    </ClInclude>
    <ClInclude Include="rapidjson\encodedstream.h">
      <Filter>Header Files\RapidJSON</Filter>
    </ClInclude>
    <ClInclude Include="rapidjson\encodings.h">
      <Filter>Header Files\RapidJSON</Filter>
    </ClInclude>
    <ClInclude Include="rapidjson\error\error.h">
      <Filter>Header Files\RapidJSON</Filter>
    </ClInclude>
    <ClInclude Include="rapidjson\filereadstream.h">
      <Filter>Header Files\RapidJSON</Filter>
    </ClInclude>
    <ClInclude Include="rapidjson\filewritestream.h">
      <Filter>Header Files\RapidJSON</Filter>
    </ClInclude>
    <ClInclude Include="rapidjson\fwd.h">
      <Filter>Header Files\RapidJSON</Filter>
    </ClInclude>
    <ClInclude Include="rapidjson\internal\ieee754.h">
      <Filter>Header Files\RapidJSON</Filter>
    </ClInclude>
    <ClInclude Include="rapidjson\istreamwrapper.h">
      <Filter>Header Files\RapidJSON</Filter>
    </ClInclude>
    <ClInclude Include="rapidjson\internal\itoa.h">
      <Filter>Header Files\RapidJSON</Filter>
    </ClInclude>
    <ClInclude Include="rapidjson\memorybuffer.h">
      <Filter>Header Files\RapidJSON</Filter>
    </ClInclude>
    <ClInclude Include="rapidjson\memorystream.h">
      <Filter>Header Files\RapidJSON</Filter>
    </ClInclude>
    <ClInclude Include="rapidjson\internal\meta.h">
      <Filter>Header Files\RapidJSON</Filter>
    </ClInclude>
    <ClInclude Include="rapidjson\ostreamwrapper.h">
      <Filter>Header Files\RapidJSON</Filter>
    </ClInclude>
    <ClInclude Include="rapidjson\pointer.h">
      <Filter>Header Files\RapidJSON</Filter>
    </ClInclude>
    <ClInclude Include="Session.h">
      <Filter>Header Files\Singletons</Filter>
    </ClInclude>
    <ClInclude Include="rapidjson\internal\stack.h">
      <Filter>Header Files\RapidJSON</Filter>
    </ClInclude>
    <ClInclude Include="rapidjson\internal\pow10.h">
      <Filter>Header Files\RapidJSON</Filter>
    </ClInclude>
    <ClInclude Include="rapidjson\prettywriter.h">
      <Filter>Header Files\RapidJSON</Filter>
    </ClInclude>
    <ClInclude Include="rapidjson\rapidjson.h">
      <Filter>Header Files\RapidJSON</Filter>
    </ClInclude>
    <ClInclude Include="rapidjson\reader.h">
      <Filter>Header Files\RapidJSON</Filter>
    </ClInclude>
    <ClInclude Include="rapidjson\internal\regex.h">
      <Filter>Header Files\RapidJSON</Filter>
    </ClInclude>
    <ClInclude Include="rapidjson\schema.h">
      <Filter>Header Files\RapidJSON</Filter>
    </ClInclude>
    <ClInclude Include="rapidjson\stream.h">
      <Filter>Header Files\RapidJSON</Filter>
    </ClInclude>
    <ClInclude Include="rapidjson\internal\strfunc.h">
      <Filter>Header Files\RapidJSON</Filter>
    </ClInclude>
    <ClInclude Include="rapidjson\stringbuffer.h">
      <Filter>Header Files\RapidJSON</Filter>
    </ClInclude>
    <ClInclude Include="rapidjson\internal\strtod.h">
      <Filter>Header Files\RapidJSON</Filter>
    </ClInclude>
    <ClInclude Include="rapidjson\internal\swap.h">
      <Filter>Header Files\RapidJSON</Filter>
    </ClInclude>
    <ClInclude Include="rapidjson\writer.h">
      <Filter>Header Files\RapidJSON</Filter>
    </ClInclude>
    <ClInclude Include="Component.h">
      <Filter>Header Files\Components</Filter>
    </ClInclude>
    <ClInclude Include="CalculationComponent.h">
      <Filter>Header Files\Components\Calculation</Filter>
    </ClInclude>
    <ClInclude Include="FPSComponent.h">
      <Filter>Header Files\Components\Calculation</Filter>
    </ClInclude>
    <ClInclude Include="GraphicsComponent.h">
      <Filter>Header Files\Components\Graphics</Filter>
    </ClInclude>
    <ClInclude Include="TextComponent.h">
      <Filter>Header Files\Components\Graphics</Filter>
    </ClInclude>
    <ClInclude Include="GraphicsComponent2D.h">
      <Filter>Header Files\Components\Graphics</Filter>
    </ClInclude>
    <ClInclude Include="UIComponent.h">
      <Filter>Header Files\Components\UI</Filter>
    </ClInclude>
    <ClInclude Include="UIWindowComponent.h">
      <Filter>Header Files\Components\UI</Filter>
    </ClInclude>
    <ClInclude Include="MovementComponent.h">
      <Filter>Header Files\Components\Movement</Filter>
    </ClInclude>
    <ClInclude Include="TransformComponent.h">
      <Filter>Header Files\Components\Movement</Filter>
    </ClInclude>
    <ClInclude Include="InputResetComponent.h">
      <Filter>Header Files\Components\Input</Filter>
    </ClInclude>
    <ClInclude Include="InputComponent.h">
      <Filter>Header Files\Components\Input</Filter>
    </ClInclude>
    <ClInclude Include="EnemyResetComponent.h">
      <Filter>Header Files\Components\Gameplay</Filter>
    </ClInclude>
    <ClInclude Include="FullEnemyResetComponent.h">
      <Filter>Header Files\Components\Gameplay</Filter>
    </ClInclude>
    <ClInclude Include="GameplayComponent.h">
      <Filter>Header Files\Components\Gameplay</Filter>
    </ClInclude>
  </ItemGroup>
  <ItemGroup>
    <ClCompile Include="Main.cpp">
      <Filter>Source Files</Filter>
    </ClCompile>
    <ClCompile Include="..\3rdParty\imgui-1.81\imgui.cpp">
      <Filter>imgui</Filter>
    </ClCompile>
    <ClCompile Include="..\3rdParty\imgui-1.81\imgui_demo.cpp">
      <Filter>imgui</Filter>
    </ClCompile>
    <ClCompile Include="..\3rdParty\imgui-1.81\imgui_draw.cpp">
      <Filter>imgui</Filter>
    </ClCompile>
    <ClCompile Include="..\3rdParty\imgui-1.81\imgui_tables.cpp">
      <Filter>imgui</Filter>
    </ClCompile>
    <ClCompile Include="..\3rdParty\imgui-1.81\imgui_widgets.cpp">
      <Filter>imgui</Filter>
    </ClCompile>
    <ClCompile Include="..\3rdParty\imgui-1.81\backends\imgui_impl_opengl2.cpp">
      <Filter>imgui</Filter>
    </ClCompile>
    <ClCompile Include="..\3rdParty\imgui-1.81\backends\imgui_impl_sdl.cpp">
      <Filter>imgui</Filter>
    </ClCompile>
    <ClCompile Include="DataManager.cpp">
      <Filter>Source Files\Data Transfer</Filter>
    </ClCompile>
    <ClCompile Include="Controller.cpp">
      <Filter>Source Files\Input</Filter>
    </ClCompile>
    <ClCompile Include="InputManager.cpp">
      <Filter>Source Files\Input</Filter>
    </ClCompile>
    <ClCompile Include="GameObject.cpp">
      <Filter>Source Files\Game Object</Filter>
    </ClCompile>
    <ClCompile Include="Minigin.cpp">
      <Filter>Source Files\Engine Files</Filter>
    </ClCompile>
    <ClCompile Include="MiniginPCH.cpp">
      <Filter>Source Files\Engine Files</Filter>
    </ClCompile>
    <ClCompile Include="audio.cpp">
      <Filter>Source Files\Simple SDL2 audio</Filter>
    </ClCompile>
    <ClCompile Include="Scene.cpp">
      <Filter>Source Files\Scene</Filter>
    </ClCompile>
    <ClCompile Include="Renderer.cpp">
      <Filter>Source Files\Singletons</Filter>
    </ClCompile>
    <ClCompile Include="ResourceManager.cpp">
      <Filter>Source Files\Singletons</Filter>
    </ClCompile>
    <ClCompile Include="SceneManager.cpp">
      <Filter>Source Files\Singletons</Filter>
    </ClCompile>
    <ClCompile Include="Session.cpp">
      <Filter>Source Files\Singletons</Filter>
    </ClCompile>
    <ClCompile Include="Font.cpp">
      <Filter>Source Files\Utilities</Filter>
    </ClCompile>
    <ClCompile Include="Texture2D.cpp">
      <Filter>Source Files\Utilities</Filter>
    </ClCompile>
    <ClCompile Include="ThreadRAII.cpp">
      <Filter>Source Files\Utilities</Filter>
    </ClCompile>
    <ClCompile Include="Timer.cpp">
      <Filter>Source Files\Utilities</Filter>
    </ClCompile>
    <ClCompile Include="Transform.cpp">
      <Filter>Source Files\Utilities</Filter>
    </ClCompile>
    <ClCompile Include="Vector2f.cpp">
      <Filter>Source Files\Utilities</Filter>
    </ClCompile>
    <ClCompile Include="utils.cpp">
      <Filter>Source Files\Utilities</Filter>
    </ClCompile>
    <ClCompile Include="LoggingAudioService.cpp">
      <Filter>Source Files\Services\Audio</Filter>
    </ClCompile>
    <ClCompile Include="SimpleSDL2AudioService.cpp">
      <Filter>Source Files\Services\Audio</Filter>
    </ClCompile>
    <ClCompile Include="ServiceLocator.cpp">
      <Filter>Source Files\Services</Filter>
    </ClCompile>
    <ClCompile Include="Subject.cpp">
      <Filter>Source Files\Observers</Filter>
    </ClCompile>
    <ClCompile Include="UIButton.cpp">
      <Filter>Source Files\UI Elements</Filter>
    </ClCompile>
    <ClCompile Include="UIText.cpp">
      <Filter>Source Files\UI Elements</Filter>
    </ClCompile>
    <ClCompile Include="FPSComponent.cpp">
      <Filter>Source Files\Components\Calculation</Filter>
    </ClCompile>
    <ClCompile Include="FullEnemyResetComponent.cpp">
      <Filter>Source Files\Components\Gameplay</Filter>
    </ClCompile>
    <ClCompile Include="GraphicsComponent2D.cpp">
      <Filter>Source Files\Components\Graphics</Filter>
    </ClCompile>
    <ClCompile Include="TextComponent.cpp">
      <Filter>Source Files\Components\Graphics</Filter>
    </ClCompile>
    <ClCompile Include="InputResetComponent.cpp">
      <Filter>Source Files\Components\Input</Filter>
    </ClCompile>
    <ClCompile Include="UIWindowComponent.cpp">
      <Filter>Source Files\Components\UI</Filter>
    </ClCompile>
  </ItemGroup>
</Project>